// !$*UTF8*$!
{
	archiveVersion = 1;
	classes = {
	};
	objectVersion = 50;
	objects = {

/* Begin PBXBuildFile section */
		3511C12125646DED00756179 /* PaintingE.rcproject in Sources */ = {isa = PBXBuildFile; fileRef = 3511C12025646DED00756179 /* PaintingE.rcproject */; };
		351E9C472564789B0046DBA4 /* SwiftUIView.swift in Sources */ = {isa = PBXBuildFile; fileRef = 351E9C462564789B0046DBA4 /* SwiftUIView.swift */; };
		351E9C4A256478F10046DBA4 /* SearchBarView.swift in Sources */ = {isa = PBXBuildFile; fileRef = 351E9C49256478F10046DBA4 /* SearchBarView.swift */; };
		351E9C4D2564791C0046DBA4 /* PaintingsBank.swift in Sources */ = {isa = PBXBuildFile; fileRef = 351E9C4C2564791C0046DBA4 /* PaintingsBank.swift */; };
		351E9C5025647D2D0046DBA4 /* UIEditingExtensions.swift in Sources */ = {isa = PBXBuildFile; fileRef = 351E9C4F25647D2D0046DBA4 /* UIEditingExtensions.swift */; };
		3555ABA125645D9E000F8C10 /* AppDelegate.swift in Sources */ = {isa = PBXBuildFile; fileRef = 3555ABA025645D9E000F8C10 /* AppDelegate.swift */; };
		3555ABA325645D9E000F8C10 /* ViewController.swift in Sources */ = {isa = PBXBuildFile; fileRef = 3555ABA225645D9E000F8C10 /* ViewController.swift */; };
		3555ABA825645D9E000F8C10 /* Main.storyboard in Resources */ = {isa = PBXBuildFile; fileRef = 3555ABA625645D9E000F8C10 /* Main.storyboard */; };
		3555ABAA25645DA0000F8C10 /* Assets.xcassets in Resources */ = {isa = PBXBuildFile; fileRef = 3555ABA925645DA0000F8C10 /* Assets.xcassets */; };
		3555ABAD25645DA0000F8C10 /* LaunchScreen.storyboard in Resources */ = {isa = PBXBuildFile; fileRef = 3555ABAB25645DA0000F8C10 /* LaunchScreen.storyboard */; };
		355EE97B25672963001F838B /* CardView.swift in Sources */ = {isa = PBXBuildFile; fileRef = 355EE97A25672963001F838B /* CardView.swift */; };
		35DED956256465A500D1AD41 /* PaintingJSON.swift in Sources */ = {isa = PBXBuildFile; fileRef = 35DED955256465A500D1AD41 /* PaintingJSON.swift */; };
/* End PBXBuildFile section */

/* Begin PBXFileReference section */
		3511C12025646DED00756179 /* PaintingE.rcproject */ = {isa = PBXFileReference; lastKnownFileType = file.rcproject; path = PaintingE.rcproject; sourceTree = "<group>"; };
		351E9C462564789B0046DBA4 /* SwiftUIView.swift */ = {isa = PBXFileReference; lastKnownFileType = sourcecode.swift; path = SwiftUIView.swift; sourceTree = "<group>"; };
		351E9C49256478F10046DBA4 /* SearchBarView.swift */ = {isa = PBXFileReference; lastKnownFileType = sourcecode.swift; path = SearchBarView.swift; sourceTree = "<group>"; };
		351E9C4C2564791C0046DBA4 /* PaintingsBank.swift */ = {isa = PBXFileReference; lastKnownFileType = sourcecode.swift; path = PaintingsBank.swift; sourceTree = "<group>"; };
		351E9C4F25647D2D0046DBA4 /* UIEditingExtensions.swift */ = {isa = PBXFileReference; fileEncoding = 4; lastKnownFileType = sourcecode.swift; path = UIEditingExtensions.swift; sourceTree = "<group>"; };
		3555AB9D25645D9E000F8C10 /* Moose.app */ = {isa = PBXFileReference; explicitFileType = wrapper.application; includeInIndex = 0; path = Moose.app; sourceTree = BUILT_PRODUCTS_DIR; };
		3555ABA025645D9E000F8C10 /* AppDelegate.swift */ = {isa = PBXFileReference; lastKnownFileType = sourcecode.swift; path = AppDelegate.swift; sourceTree = "<group>"; };
		3555ABA225645D9E000F8C10 /* ViewController.swift */ = {isa = PBXFileReference; lastKnownFileType = sourcecode.swift; path = ViewController.swift; sourceTree = "<group>"; };
		3555ABA725645D9E000F8C10 /* Base */ = {isa = PBXFileReference; lastKnownFileType = file.storyboard; name = Base; path = Base.lproj/Main.storyboard; sourceTree = "<group>"; };
		3555ABA925645DA0000F8C10 /* Assets.xcassets */ = {isa = PBXFileReference; lastKnownFileType = folder.assetcatalog; path = Assets.xcassets; sourceTree = "<group>"; };
		3555ABAC25645DA0000F8C10 /* Base */ = {isa = PBXFileReference; lastKnownFileType = file.storyboard; name = Base; path = Base.lproj/LaunchScreen.storyboard; sourceTree = "<group>"; };
		3555ABAE25645DA0000F8C10 /* Info.plist */ = {isa = PBXFileReference; lastKnownFileType = text.plist.xml; path = Info.plist; sourceTree = "<group>"; };
		355EE97A25672963001F838B /* CardView.swift */ = {isa = PBXFileReference; lastKnownFileType = sourcecode.swift; path = CardView.swift; sourceTree = "<group>"; };
		35DED955256465A500D1AD41 /* PaintingJSON.swift */ = {isa = PBXFileReference; lastKnownFileType = sourcecode.swift; path = PaintingJSON.swift; sourceTree = "<group>"; };
/* End PBXFileReference section */

/* Begin PBXFrameworksBuildPhase section */
		3555AB9A25645D9E000F8C10 /* Frameworks */ = {
			isa = PBXFrameworksBuildPhase;
			buildActionMask = 2147483647;
			files = (
			);
			runOnlyForDeploymentPostprocessing = 0;
		};
/* End PBXFrameworksBuildPhase section */

/* Begin PBXGroup section */
		3555AB9425645D9E000F8C10 = {
			isa = PBXGroup;
			children = (
				3555AB9F25645D9E000F8C10 /* Moose */,
				3555AB9E25645D9E000F8C10 /* Products */,
			);
			sourceTree = "<group>";
		};
		3555AB9E25645D9E000F8C10 /* Products */ = {
			isa = PBXGroup;
			children = (
				3555AB9D25645D9E000F8C10 /* Moose.app */,
			);
			name = Products;
			sourceTree = "<group>";
		};
		3555AB9F25645D9E000F8C10 /* Moose */ = {
			isa = PBXGroup;
			children = (
				3555ABA025645D9E000F8C10 /* AppDelegate.swift */,
				3555ABA225645D9E000F8C10 /* ViewController.swift */,
				35DED955256465A500D1AD41 /* PaintingJSON.swift */,
				351E9C4C2564791C0046DBA4 /* PaintingsBank.swift */,
				351E9C49256478F10046DBA4 /* SearchBarView.swift */,
				355EE97A25672963001F838B /* CardView.swift */,
				351E9C462564789B0046DBA4 /* SwiftUIView.swift */,
				351E9C4F25647D2D0046DBA4 /* UIEditingExtensions.swift */,
				3511C12025646DED00756179 /* PaintingE.rcproject */,
				3555ABA625645D9E000F8C10 /* Main.storyboard */,
				3555ABA925645DA0000F8C10 /* Assets.xcassets */,
				3555ABAB25645DA0000F8C10 /* LaunchScreen.storyboard */,
				3555ABAE25645DA0000F8C10 /* Info.plist */,
			);
			path = Moose;
			sourceTree = "<group>";
		};
/* End PBXGroup section */

/* Begin PBXNativeTarget section */
		3555AB9C25645D9E000F8C10 /* Moose */ = {
			isa = PBXNativeTarget;
			buildConfigurationList = 3555ABB125645DA0000F8C10 /* Build configuration list for PBXNativeTarget "Moose" */;
			buildPhases = (
				3555AB9925645D9E000F8C10 /* Sources */,
				3555AB9A25645D9E000F8C10 /* Frameworks */,
				3555AB9B25645D9E000F8C10 /* Resources */,
			);
			buildRules = (
			);
			dependencies = (
			);
			name = Moose;
			productName = Moose;
			productReference = 3555AB9D25645D9E000F8C10 /* Moose.app */;
			productType = "com.apple.product-type.application";
		};
/* End PBXNativeTarget section */

/* Begin PBXProject section */
		3555AB9525645D9E000F8C10 /* Project object */ = {
			isa = PBXProject;
			attributes = {
				LastSwiftUpdateCheck = 1220;
				LastUpgradeCheck = 1220;
				TargetAttributes = {
					3555AB9C25645D9E000F8C10 = {
						CreatedOnToolsVersion = 12.2;
					};
				};
			};
			buildConfigurationList = 3555AB9825645D9E000F8C10 /* Build configuration list for PBXProject "Moose" */;
			compatibilityVersion = "Xcode 9.3";
			developmentRegion = en;
			hasScannedForEncodings = 0;
			knownRegions = (
				en,
				Base,
			);
			mainGroup = 3555AB9425645D9E000F8C10;
			productRefGroup = 3555AB9E25645D9E000F8C10 /* Products */;
			projectDirPath = "";
			projectRoot = "";
			targets = (
				3555AB9C25645D9E000F8C10 /* Moose */,
			);
		};
/* End PBXProject section */

/* Begin PBXResourcesBuildPhase section */
		3555AB9B25645D9E000F8C10 /* Resources */ = {
			isa = PBXResourcesBuildPhase;
			buildActionMask = 2147483647;
			files = (
				3555ABAD25645DA0000F8C10 /* LaunchScreen.storyboard in Resources */,
				3555ABAA25645DA0000F8C10 /* Assets.xcassets in Resources */,
				3555ABA825645D9E000F8C10 /* Main.storyboard in Resources */,
			);
			runOnlyForDeploymentPostprocessing = 0;
		};
/* End PBXResourcesBuildPhase section */

/* Begin PBXSourcesBuildPhase section */
		3555AB9925645D9E000F8C10 /* Sources */ = {
			isa = PBXSourcesBuildPhase;
			buildActionMask = 2147483647;
			files = (
				3555ABA325645D9E000F8C10 /* ViewController.swift in Sources */,
				355EE97B25672963001F838B /* CardView.swift in Sources */,
				3555ABA125645D9E000F8C10 /* AppDelegate.swift in Sources */,
				351E9C4D2564791C0046DBA4 /* PaintingsBank.swift in Sources */,
				3511C12125646DED00756179 /* PaintingE.rcproject in Sources */,
				35DED956256465A500D1AD41 /* PaintingJSON.swift in Sources */,
				351E9C4A256478F10046DBA4 /* SearchBarView.swift in Sources */,
				351E9C5025647D2D0046DBA4 /* UIEditingExtensions.swift in Sources */,
				351E9C472564789B0046DBA4 /* SwiftUIView.swift in Sources */,
			);
			runOnlyForDeploymentPostprocessing = 0;
		};
/* End PBXSourcesBuildPhase section */

/* Begin PBXVariantGroup section */
		3555ABA625645D9E000F8C10 /* Main.storyboard */ = {
			isa = PBXVariantGroup;
			children = (
				3555ABA725645D9E000F8C10 /* Base */,
			);
			name = Main.storyboard;
			sourceTree = "<group>";
		};
		3555ABAB25645DA0000F8C10 /* LaunchScreen.storyboard */ = {
			isa = PBXVariantGroup;
			children = (
				3555ABAC25645DA0000F8C10 /* Base */,
			);
			name = LaunchScreen.storyboard;
			sourceTree = "<group>";
		};
/* End PBXVariantGroup section */

/* Begin XCBuildConfiguration section */
		3555ABAF25645DA0000F8C10 /* Debug */ = {
			isa = XCBuildConfiguration;
			buildSettings = {
				ALWAYS_SEARCH_USER_PATHS = NO;
				CLANG_ANALYZER_NONNULL = YES;
				CLANG_ANALYZER_NUMBER_OBJECT_CONVERSION = YES_AGGRESSIVE;
				CLANG_CXX_LANGUAGE_STANDARD = "gnu++14";
				CLANG_CXX_LIBRARY = "libc++";
				CLANG_ENABLE_MODULES = YES;
				CLANG_ENABLE_OBJC_ARC = YES;
				CLANG_ENABLE_OBJC_WEAK = YES;
				CLANG_WARN_BLOCK_CAPTURE_AUTORELEASING = YES;
				CLANG_WARN_BOOL_CONVERSION = YES;
				CLANG_WARN_COMMA = YES;
				CLANG_WARN_CONSTANT_CONVERSION = YES;
				CLANG_WARN_DEPRECATED_OBJC_IMPLEMENTATIONS = YES;
				CLANG_WARN_DIRECT_OBJC_ISA_USAGE = YES_ERROR;
				CLANG_WARN_DOCUMENTATION_COMMENTS = YES;
				CLANG_WARN_EMPTY_BODY = YES;
				CLANG_WARN_ENUM_CONVERSION = YES;
				CLANG_WARN_INFINITE_RECURSION = YES;
				CLANG_WARN_INT_CONVERSION = YES;
				CLANG_WARN_NON_LITERAL_NULL_CONVERSION = YES;
				CLANG_WARN_OBJC_IMPLICIT_RETAIN_SELF = YES;
				CLANG_WARN_OBJC_LITERAL_CONVERSION = YES;
				CLANG_WARN_OBJC_ROOT_CLASS = YES_ERROR;
				CLANG_WARN_QUOTED_INCLUDE_IN_FRAMEWORK_HEADER = YES;
				CLANG_WARN_RANGE_LOOP_ANALYSIS = YES;
				CLANG_WARN_STRICT_PROTOTYPES = YES;
				CLANG_WARN_SUSPICIOUS_MOVE = YES;
				CLANG_WARN_UNGUARDED_AVAILABILITY = YES_AGGRESSIVE;
				CLANG_WARN_UNREACHABLE_CODE = YES;
				CLANG_WARN__DUPLICATE_METHOD_MATCH = YES;
				COPY_PHASE_STRIP = NO;
				DEBUG_INFORMATION_FORMAT = dwarf;
				ENABLE_STRICT_OBJC_MSGSEND = YES;
				ENABLE_TESTABILITY = YES;
				GCC_C_LANGUAGE_STANDARD = gnu11;
				GCC_DYNAMIC_NO_PIC = NO;
				GCC_NO_COMMON_BLOCKS = YES;
				GCC_OPTIMIZATION_LEVEL = 0;
				GCC_PREPROCESSOR_DEFINITIONS = (
					"DEBUG=1",
					"$(inherited)",
				);
				GCC_WARN_64_TO_32_BIT_CONVERSION = YES;
				GCC_WARN_ABOUT_RETURN_TYPE = YES_ERROR;
				GCC_WARN_UNDECLARED_SELECTOR = YES;
				GCC_WARN_UNINITIALIZED_AUTOS = YES_AGGRESSIVE;
				GCC_WARN_UNUSED_FUNCTION = YES;
				GCC_WARN_UNUSED_VARIABLE = YES;
				IPHONEOS_DEPLOYMENT_TARGET = 14.2;
				MTL_ENABLE_DEBUG_INFO = INCLUDE_SOURCE;
				MTL_FAST_MATH = YES;
				ONLY_ACTIVE_ARCH = YES;
				SDKROOT = iphoneos;
				SWIFT_ACTIVE_COMPILATION_CONDITIONS = DEBUG;
				SWIFT_OPTIMIZATION_LEVEL = "-Onone";
			};
			name = Debug;
		};
		3555ABB025645DA0000F8C10 /* Release */ = {
			isa = XCBuildConfiguration;
			buildSettings = {
				ALWAYS_SEARCH_USER_PATHS = NO;
				CLANG_ANALYZER_NONNULL = YES;
				CLANG_ANALYZER_NUMBER_OBJECT_CONVERSION = YES_AGGRESSIVE;
				CLANG_CXX_LANGUAGE_STANDARD = "gnu++14";
				CLANG_CXX_LIBRARY = "libc++";
				CLANG_ENABLE_MODULES = YES;
				CLANG_ENABLE_OBJC_ARC = YES;
				CLANG_ENABLE_OBJC_WEAK = YES;
				CLANG_WARN_BLOCK_CAPTURE_AUTORELEASING = YES;
				CLANG_WARN_BOOL_CONVERSION = YES;
				CLANG_WARN_COMMA = YES;
				CLANG_WARN_CONSTANT_CONVERSION = YES;
				CLANG_WARN_DEPRECATED_OBJC_IMPLEMENTATIONS = YES;
				CLANG_WARN_DIRECT_OBJC_ISA_USAGE = YES_ERROR;
				CLANG_WARN_DOCUMENTATION_COMMENTS = YES;
				CLANG_WARN_EMPTY_BODY = YES;
				CLANG_WARN_ENUM_CONVERSION = YES;
				CLANG_WARN_INFINITE_RECURSION = YES;
				CLANG_WARN_INT_CONVERSION = YES;
				CLANG_WARN_NON_LITERAL_NULL_CONVERSION = YES;
				CLANG_WARN_OBJC_IMPLICIT_RETAIN_SELF = YES;
				CLANG_WARN_OBJC_LITERAL_CONVERSION = YES;
				CLANG_WARN_OBJC_ROOT_CLASS = YES_ERROR;
				CLANG_WARN_QUOTED_INCLUDE_IN_FRAMEWORK_HEADER = YES;
				CLANG_WARN_RANGE_LOOP_ANALYSIS = YES;
				CLANG_WARN_STRICT_PROTOTYPES = YES;
				CLANG_WARN_SUSPICIOUS_MOVE = YES;
				CLANG_WARN_UNGUARDED_AVAILABILITY = YES_AGGRESSIVE;
				CLANG_WARN_UNREACHABLE_CODE = YES;
				CLANG_WARN__DUPLICATE_METHOD_MATCH = YES;
				COPY_PHASE_STRIP = NO;
				DEBUG_INFORMATION_FORMAT = "dwarf-with-dsym";
				ENABLE_NS_ASSERTIONS = NO;
				ENABLE_STRICT_OBJC_MSGSEND = YES;
				GCC_C_LANGUAGE_STANDARD = gnu11;
				GCC_NO_COMMON_BLOCKS = YES;
				GCC_WARN_64_TO_32_BIT_CONVERSION = YES;
				GCC_WARN_ABOUT_RETURN_TYPE = YES_ERROR;
				GCC_WARN_UNDECLARED_SELECTOR = YES;
				GCC_WARN_UNINITIALIZED_AUTOS = YES_AGGRESSIVE;
				GCC_WARN_UNUSED_FUNCTION = YES;
				GCC_WARN_UNUSED_VARIABLE = YES;
				IPHONEOS_DEPLOYMENT_TARGET = 14.2;
				MTL_ENABLE_DEBUG_INFO = NO;
				MTL_FAST_MATH = YES;
				SDKROOT = iphoneos;
				SWIFT_COMPILATION_MODE = wholemodule;
				SWIFT_OPTIMIZATION_LEVEL = "-O";
				VALIDATE_PRODUCT = YES;
			};
			name = Release;
		};
		3555ABB225645DA0000F8C10 /* Debug */ = {
			isa = XCBuildConfiguration;
			buildSettings = {
				ASSETCATALOG_COMPILER_APPICON_NAME = AppIcon;
				ASSETCATALOG_COMPILER_GLOBAL_ACCENT_COLOR_NAME = AccentColor;
				CODE_SIGN_STYLE = Automatic;
				DEVELOPMENT_TEAM = P63952MS7L;
				INFOPLIST_FILE = Moose/Info.plist;
				LD_RUNPATH_SEARCH_PATHS = (
					"$(inherited)",
					"@executable_path/Frameworks",
				);
				PRODUCT_BUNDLE_IDENTIFIER = samuel.Moose;
				PRODUCT_NAME = "$(TARGET_NAME)";
				SWIFT_VERSION = 5.0;
				TARGETED_DEVICE_FAMILY = "1,2";
			};
			name = Debug;
		};
		3555ABB325645DA0000F8C10 /* Release */ = {
			isa = XCBuildConfiguration;
			buildSettings = {
				ASSETCATALOG_COMPILER_APPICON_NAME = AppIcon;
				ASSETCATALOG_COMPILER_GLOBAL_ACCENT_COLOR_NAME = AccentColor;
				CODE_SIGN_STYLE = Automatic;
				DEVELOPMENT_TEAM = P63952MS7L;
				INFOPLIST_FILE = Moose/Info.plist;
				LD_RUNPATH_SEARCH_PATHS = (
					"$(inherited)",
					"@executable_path/Frameworks",
				);
				PRODUCT_BUNDLE_IDENTIFIER = samuel.Moose;
				PRODUCT_NAME = "$(TARGET_NAME)";
				SWIFT_VERSION = 5.0;
				TARGETED_DEVICE_FAMILY = "1,2";
			};
			name = Release;
		};
/* End XCBuildConfiguration section */

/* Begin XCConfigurationList section */
		3555AB9825645D9E000F8C10 /* Build configuration list for PBXProject "Moose" */ = {
			isa = XCConfigurationList;
			buildConfigurations = (
				3555ABAF25645DA0000F8C10 /* Debug */,
				3555ABB025645DA0000F8C10 /* Release */,
			);
			defaultConfigurationIsVisible = 0;
			defaultConfigurationName = Release;
		};
		3555ABB125645DA0000F8C10 /* Build configuration list for PBXNativeTarget "Moose" */ = {
			isa = XCConfigurationList;
			buildConfigurations = (
				3555ABB225645DA0000F8C10 /* Debug */,
				3555ABB325645DA0000F8C10 /* Release */,
			);
			defaultConfigurationIsVisible = 0;
			defaultConfigurationName = Release;
		};
/* End XCConfigurationList section */
	};
	rootObject = 3555AB9525645D9E000F8C10 /* Project object */;
}
